
Microsoft Visual Studio Solution File, Format Version 12.00
# Visual Studio 14
VisualStudioVersion = 14.0.25420.1
MinimumVisualStudioVersion = 10.0.40219.1
Project("{FAE04EC0-301F-11D3-BF4B-00C04F79EFBC}") = "SpriteFontSample01.UWP", "SpriteFontSample01.UWP\SpriteFontSample01.UWP.csproj", "{FD694DB8-C69B-4D52-AE96-24AA7D210702}"
EndProject
Project("{D954291E-2A0B-460D-934E-DC6B0785DB48}") = "SpriteFontSample01.Shared", "SpriteFontSample01.Shared\SpriteFontSample01.Shared.shproj", "{8F84FC04-8B35-452F-BEC7-0D5AF3CF2CF1}"
EndProject
Project("{FAE04EC0-301F-11D3-BF4B-00C04F79EFBC}") = "SpriteFontSample01.Android", "SpriteFontSample01.Android\SpriteFontSample01.Android.csproj", "{0D35C769-53E4-4650-A311-A840843D591F}"
EndProject
Project("{FAE04EC0-301F-11D3-BF4B-00C04F79EFBC}") = "SpriteFontSample01.iOS", "SpriteFontSample01.iOS\SpriteFontSample01.iOS.csproj", "{799EB319-42D9-4335-B4E8-49D48D3F97DF}"
EndProject
Global
	GlobalSection(SharedMSBuildProjectFiles) = preSolution
		SpriteFontSample01.Shared\SpriteFontSample01.Shared.projitems*{0d35c769-53e4-4650-a311-a840843d591f}*SharedItemsImports = 4
		SpriteFontSample01.Shared\SpriteFontSample01.Shared.projitems*{799eb319-42d9-4335-b4e8-49d48d3f97df}*SharedItemsImports = 4
		SpriteFontSample01.Shared\SpriteFontSample01.Shared.projitems*{8f84fc04-8b35-452f-bec7-0d5af3cf2cf1}*SharedItemsImports = 13
		SpriteFontSample01.Shared\SpriteFontSample01.Shared.projitems*{fd694db8-c69b-4d52-ae96-24aa7d210702}*SharedItemsImports = 4
	EndGlobalSection
	GlobalSection(SolutionConfigurationPlatforms) = preSolution
		Ad-Hoc|Any CPU = Ad-Hoc|Any CPU
		Ad-Hoc|ARM = Ad-Hoc|ARM
		Ad-Hoc|iPhone = Ad-Hoc|iPhone
		Ad-Hoc|iPhoneSimulator = Ad-Hoc|iPhoneSimulator
		Ad-Hoc|x64 = Ad-Hoc|x64
		Ad-Hoc|x86 = Ad-Hoc|x86
		AppStore|Any CPU = AppStore|Any CPU
		AppStore|ARM = AppStore|ARM
		AppStore|iPhone = AppStore|iPhone
		AppStore|iPhoneSimulator = AppStore|iPhoneSimulator
		AppStore|x64 = AppStore|x64
		AppStore|x86 = AppStore|x86
		Debug|Any CPU = Debug|Any CPU
		Debug|ARM = Debug|ARM
		Debug|iPhone = Debug|iPhone
		Debug|iPhoneSimulator = Debug|iPhoneSimulator
		Debug|x64 = Debug|x64
		Debug|x86 = Debug|x86
		Release|Any CPU = Release|Any CPU
		Release|ARM = Release|ARM
		Release|iPhone = Release|iPhone
		Release|iPhoneSimulator = Release|iPhoneSimulator
		Release|x64 = Release|x64
		Release|x86 = Release|x86
	EndGlobalSection
	GlobalSection(ProjectConfigurationPlatforms) = postSolution
		{FD694DB8-C69B-4D52-AE96-24AA7D210702}.Ad-Hoc|Any CPU.ActiveCfg = Release|x64
		{FD694DB8-C69B-4D52-AE96-24AA7D210702}.Ad-Hoc|Any CPU.Build.0 = Release|x64
		{FD694DB8-C69B-4D52-AE96-24AA7D210702}.Ad-Hoc|Any CPU.Deploy.0 = Release|x64
		{FD694DB8-C69B-4D52-AE96-24AA7D210702}.Ad-Hoc|ARM.ActiveCfg = Release|ARM
		{FD694DB8-C69B-4D52-AE96-24AA7D210702}.Ad-Hoc|ARM.Build.0 = Release|ARM
		{FD694DB8-C69B-4D52-AE96-24AA7D210702}.Ad-Hoc|ARM.Deploy.0 = Release|ARM
		{FD694DB8-C69B-4D52-AE96-24AA7D210702}.Ad-Hoc|iPhone.ActiveCfg = Release|x64
		{FD694DB8-C69B-4D52-AE96-24AA7D210702}.Ad-Hoc|iPhone.Build.0 = Release|x64
		{FD694DB8-C69B-4D52-AE96-24AA7D210702}.Ad-Hoc|iPhone.Deploy.0 = Release|x64
		{FD694DB8-C69B-4D52-AE96-24AA7D210702}.Ad-Hoc|iPhoneSimulator.ActiveCfg = Release|x64
		{FD694DB8-C69B-4D52-AE96-24AA7D210702}.Ad-Hoc|iPhoneSimulator.Build.0 = Release|x64
		{FD694DB8-C69B-4D52-AE96-24AA7D210702}.Ad-Hoc|iPhoneSimulator.Deploy.0 = Release|x64
		{FD694DB8-C69B-4D52-AE96-24AA7D210702}.Ad-Hoc|x64.ActiveCfg = Release|x64
		{FD694DB8-C69B-4D52-AE96-24AA7D210702}.Ad-Hoc|x64.Build.0 = Release|x64
		{FD694DB8-C69B-4D52-AE96-24AA7D210702}.Ad-Hoc|x64.Deploy.0 = Release|x64
		{FD694DB8-C69B-4D52-AE96-24AA7D210702}.Ad-Hoc|x86.ActiveCfg = Release|x86
		{FD694DB8-C69B-4D52-AE96-24AA7D210702}.Ad-Hoc|x86.Build.0 = Release|x86
		{FD694DB8-C69B-4D52-AE96-24AA7D210702}.Ad-Hoc|x86.Deploy.0 = Release|x86
		{FD694DB8-C69B-4D52-AE96-24AA7D210702}.AppStore|Any CPU.ActiveCfg = Release|x64
		{FD694DB8-C69B-4D52-AE96-24AA7D210702}.AppStore|Any CPU.Build.0 = Release|x64
		{FD694DB8-C69B-4D52-AE96-24AA7D210702}.AppStore|Any CPU.Deploy.0 = Release|x64
		{FD694DB8-C69B-4D52-AE96-24AA7D210702}.AppStore|ARM.ActiveCfg = Release|ARM
		{FD694DB8-C69B-4D52-AE96-24AA7D210702}.AppStore|ARM.Build.0 = Release|ARM
		{FD694DB8-C69B-4D52-AE96-24AA7D210702}.AppStore|ARM.Deploy.0 = Release|ARM
		{FD694DB8-C69B-4D52-AE96-24AA7D210702}.AppStore|iPhone.ActiveCfg = Release|x64
		{FD694DB8-C69B-4D52-AE96-24AA7D210702}.AppStore|iPhone.Build.0 = Release|x64
		{FD694DB8-C69B-4D52-AE96-24AA7D210702}.AppStore|iPhone.Deploy.0 = Release|x64
		{FD694DB8-C69B-4D52-AE96-24AA7D210702}.AppStore|iPhoneSimulator.ActiveCfg = Release|x64
		{FD694DB8-C69B-4D52-AE96-24AA7D210702}.AppStore|iPhoneSimulator.Build.0 = Release|x64
		{FD694DB8-C69B-4D52-AE96-24AA7D210702}.AppStore|iPhoneSimulator.Deploy.0 = Release|x64
		{FD694DB8-C69B-4D52-AE96-24AA7D210702}.AppStore|x64.ActiveCfg = Release|x64
		{FD694DB8-C69B-4D52-AE96-24AA7D210702}.AppStore|x64.Build.0 = Release|x64
		{FD694DB8-C69B-4D52-AE96-24AA7D210702}.AppStore|x64.Deploy.0 = Release|x64
		{FD694DB8-C69B-4D52-AE96-24AA7D210702}.AppStore|x86.ActiveCfg = Release|x86
		{FD694DB8-C69B-4D52-AE96-24AA7D210702}.AppStore|x86.Build.0 = Release|x86
		{FD694DB8-C69B-4D52-AE96-24AA7D210702}.AppStore|x86.Deploy.0 = Release|x86
		{FD694DB8-C69B-4D52-AE96-24AA7D210702}.Debug|Any CPU.ActiveCfg = Debug|x86
		{FD694DB8-C69B-4D52-AE96-24AA7D210702}.Debug|ARM.ActiveCfg = Debug|ARM
		{FD694DB8-C69B-4D52-AE96-24AA7D210702}.Debug|ARM.Build.0 = Debug|ARM
		{FD694DB8-C69B-4D52-AE96-24AA7D210702}.Debug|ARM.Deploy.0 = Debug|ARM
		{FD694DB8-C69B-4D52-AE96-24AA7D210702}.Debug|iPhone.ActiveCfg = Debug|x86
		{FD694DB8-C69B-4D52-AE96-24AA7D210702}.Debug|iPhoneSimulator.ActiveCfg = Debug|x86
		{FD694DB8-C69B-4D52-AE96-24AA7D210702}.Debug|x64.ActiveCfg = Debug|x64
		{FD694DB8-C69B-4D52-AE96-24AA7D210702}.Debug|x64.Build.0 = Debug|x64
		{FD694DB8-C69B-4D52-AE96-24AA7D210702}.Debug|x64.Deploy.0 = Debug|x64
		{FD694DB8-C69B-4D52-AE96-24AA7D210702}.Debug|x86.ActiveCfg = Debug|x86
		{FD694DB8-C69B-4D52-AE96-24AA7D210702}.Debug|x86.Build.0 = Debug|x86
		{FD694DB8-C69B-4D52-AE96-24AA7D210702}.Debug|x86.Deploy.0 = Debug|x86
		{FD694DB8-C69B-4D52-AE96-24AA7D210702}.Release|Any CPU.ActiveCfg = Release|x86
		{FD694DB8-C69B-4D52-AE96-24AA7D210702}.Release|ARM.ActiveCfg = Release|ARM
		{FD694DB8-C69B-4D52-AE96-24AA7D210702}.Release|ARM.Build.0 = Release|ARM
		{FD694DB8-C69B-4D52-AE96-24AA7D210702}.Release|ARM.Deploy.0 = Release|ARM
		{FD694DB8-C69B-4D52-AE96-24AA7D210702}.Release|iPhone.ActiveCfg = Release|x86
		{FD694DB8-C69B-4D52-AE96-24AA7D210702}.Release|iPhoneSimulator.ActiveCfg = Release|x86
		{FD694DB8-C69B-4D52-AE96-24AA7D210702}.Release|x64.ActiveCfg = Release|x64
		{FD694DB8-C69B-4D52-AE96-24AA7D210702}.Release|x64.Build.0 = Release|x64
		{FD694DB8-C69B-4D52-AE96-24AA7D210702}.Release|x64.Deploy.0 = Release|x64
		{FD694DB8-C69B-4D52-AE96-24AA7D210702}.Release|x86.ActiveCfg = Release|x86
		{FD694DB8-C69B-4D52-AE96-24AA7D210702}.Release|x86.Build.0 = Release|x86
		{FD694DB8-C69B-4D52-AE96-24AA7D210702}.Release|x86.Deploy.0 = Release|x86
		{0D35C769-53E4-4650-A311-A840843D591F}.Ad-Hoc|Any CPU.ActiveCfg = Release|Any CPU
		{0D35C769-53E4-4650-A311-A840843D591F}.Ad-Hoc|Any CPU.Build.0 = Release|Any CPU
		{0D35C769-53E4-4650-A311-A840843D591F}.Ad-Hoc|Any CPU.Deploy.0 = Release|Any CPU
		{0D35C769-53E4-4650-A311-A840843D591F}.Ad-Hoc|ARM.ActiveCfg = Release|Any CPU
		{0D35C769-53E4-4650-A311-A840843D591F}.Ad-Hoc|ARM.Build.0 = Release|Any CPU
		{0D35C769-53E4-4650-A311-A840843D591F}.Ad-Hoc|ARM.Deploy.0 = Release|Any CPU
		{0D35C769-53E4-4650-A311-A840843D591F}.Ad-Hoc|iPhone.ActiveCfg = Release|Any CPU
		{0D35C769-53E4-4650-A311-A840843D591F}.Ad-Hoc|iPhone.Build.0 = Release|Any CPU
		{0D35C769-53E4-4650-A311-A840843D591F}.Ad-Hoc|iPhone.Deploy.0 = Release|Any CPU
		{0D35C769-53E4-4650-A311-A840843D591F}.Ad-Hoc|iPhoneSimulator.ActiveCfg = Release|Any CPU
		{0D35C769-53E4-4650-A311-A840843D591F}.Ad-Hoc|iPhoneSimulator.Build.0 = Release|Any CPU
		{0D35C769-53E4-4650-A311-A840843D591F}.Ad-Hoc|iPhoneSimulator.Deploy.0 = Release|Any CPU
		{0D35C769-53E4-4650-A311-A840843D591F}.Ad-Hoc|x64.ActiveCfg = Release|Any CPU
		{0D35C769-53E4-4650-A311-A840843D591F}.Ad-Hoc|x64.Build.0 = Release|Any CPU
		{0D35C769-53E4-4650-A311-A840843D591F}.Ad-Hoc|x64.Deploy.0 = Release|Any CPU
		{0D35C769-53E4-4650-A311-A840843D591F}.Ad-Hoc|x86.ActiveCfg = Release|Any CPU
		{0D35C769-53E4-4650-A311-A840843D591F}.Ad-Hoc|x86.Build.0 = Release|Any CPU
		{0D35C769-53E4-4650-A311-A840843D591F}.Ad-Hoc|x86.Deploy.0 = Release|Any CPU
		{0D35C769-53E4-4650-A311-A840843D591F}.AppStore|Any CPU.ActiveCfg = Release|Any CPU
		{0D35C769-53E4-4650-A311-A840843D591F}.AppStore|Any CPU.Build.0 = Release|Any CPU
		{0D35C769-53E4-4650-A311-A840843D591F}.AppStore|Any CPU.Deploy.0 = Release|Any CPU
		{0D35C769-53E4-4650-A311-A840843D591F}.AppStore|ARM.ActiveCfg = Release|Any CPU
		{0D35C769-53E4-4650-A311-A840843D591F}.AppStore|ARM.Build.0 = Release|Any CPU
		{0D35C769-53E4-4650-A311-A840843D591F}.AppStore|ARM.Deploy.0 = Release|Any CPU
		{0D35C769-53E4-4650-A311-A840843D591F}.AppStore|iPhone.ActiveCfg = Release|Any CPU
		{0D35C769-53E4-4650-A311-A840843D591F}.AppStore|iPhone.Build.0 = Release|Any CPU
		{0D35C769-53E4-4650-A311-A840843D591F}.AppStore|iPhone.Deploy.0 = Release|Any CPU
		{0D35C769-53E4-4650-A311-A840843D591F}.AppStore|iPhoneSimulator.ActiveCfg = Release|Any CPU
		{0D35C769-53E4-4650-A311-A840843D591F}.AppStore|iPhoneSimulator.Build.0 = Release|Any CPU
		{0D35C769-53E4-4650-A311-A840843D591F}.AppStore|iPhoneSimulator.Deploy.0 = Release|Any CPU
		{0D35C769-53E4-4650-A311-A840843D591F}.AppStore|x64.ActiveCfg = Release|Any CPU
		{0D35C769-53E4-4650-A311-A840843D591F}.AppStore|x64.Build.0 = Release|Any CPU
		{0D35C769-53E4-4650-A311-A840843D591F}.AppStore|x64.Deploy.0 = Release|Any CPU
		{0D35C769-53E4-4650-A311-A840843D591F}.AppStore|x86.ActiveCfg = Release|Any CPU
		{0D35C769-53E4-4650-A311-A840843D591F}.AppStore|x86.Build.0 = Release|Any CPU
		{0D35C769-53E4-4650-A311-A840843D591F}.AppStore|x86.Deploy.0 = Release|Any CPU
		{0D35C769-53E4-4650-A311-A840843D591F}.Debug|Any CPU.ActiveCfg = Debug|Any CPU
		{0D35C769-53E4-4650-A311-A840843D591F}.Debug|Any CPU.Build.0 = Debug|Any CPU
		{0D35C769-53E4-4650-A311-A840843D591F}.Debug|Any CPU.Deploy.0 = Debug|Any CPU
		{0D35C769-53E4-4650-A311-A840843D591F}.Debug|ARM.ActiveCfg = Debug|Any CPU
		{0D35C769-53E4-4650-A311-A840843D591F}.Debug|ARM.Build.0 = Debug|Any CPU
		{0D35C769-53E4-4650-A311-A840843D591F}.Debug|ARM.Deploy.0 = Debug|Any CPU
		{0D35C769-53E4-4650-A311-A840843D591F}.Debug|iPhone.ActiveCfg = Debug|Any CPU
		{0D35C769-53E4-4650-A311-A840843D591F}.Debug|iPhone.Build.0 = Debug|Any CPU
		{0D35C769-53E4-4650-A311-A840843D591F}.Debug|iPhone.Deploy.0 = Debug|Any CPU
		{0D35C769-53E4-4650-A311-A840843D591F}.Debug|iPhoneSimulator.ActiveCfg = Debug|Any CPU
		{0D35C769-53E4-4650-A311-A840843D591F}.Debug|iPhoneSimulator.Build.0 = Debug|Any CPU
		{0D35C769-53E4-4650-A311-A840843D591F}.Debug|iPhoneSimulator.Deploy.0 = Debug|Any CPU
		{0D35C769-53E4-4650-A311-A840843D591F}.Debug|x64.ActiveCfg = Debug|Any CPU
		{0D35C769-53E4-4650-A311-A840843D591F}.Debug|x64.Build.0 = Debug|Any CPU
		{0D35C769-53E4-4650-A311-A840843D591F}.Debug|x64.Deploy.0 = Debug|Any CPU
		{0D35C769-53E4-4650-A311-A840843D591F}.Debug|x86.ActiveCfg = Debug|Any CPU
		{0D35C769-53E4-4650-A311-A840843D591F}.Debug|x86.Build.0 = Debug|Any CPU
		{0D35C769-53E4-4650-A311-A840843D591F}.Debug|x86.Deploy.0 = Debug|Any CPU
		{0D35C769-53E4-4650-A311-A840843D591F}.Release|Any CPU.ActiveCfg = Release|Any CPU
		{0D35C769-53E4-4650-A311-A840843D591F}.Release|Any CPU.Build.0 = Release|Any CPU
		{0D35C769-53E4-4650-A311-A840843D591F}.Release|Any CPU.Deploy.0 = Release|Any CPU
		{0D35C769-53E4-4650-A311-A840843D591F}.Release|ARM.ActiveCfg = Release|Any CPU
		{0D35C769-53E4-4650-A311-A840843D591F}.Release|ARM.Build.0 = Release|Any CPU
		{0D35C769-53E4-4650-A311-A840843D591F}.Release|ARM.Deploy.0 = Release|Any CPU
		{0D35C769-53E4-4650-A311-A840843D591F}.Release|iPhone.ActiveCfg = Release|Any CPU
		{0D35C769-53E4-4650-A311-A840843D591F}.Release|iPhone.Build.0 = Release|Any CPU
		{0D35C769-53E4-4650-A311-A840843D591F}.Release|iPhone.Deploy.0 = Release|Any CPU
		{0D35C769-53E4-4650-A311-A840843D591F}.Release|iPhoneSimulator.ActiveCfg = Release|Any CPU
		{0D35C769-53E4-4650-A311-A840843D591F}.Release|iPhoneSimulator.Build.0 = Release|Any CPU
		{0D35C769-53E4-4650-A311-A840843D591F}.Release|iPhoneSimulator.Deploy.0 = Release|Any CPU
		{0D35C769-53E4-4650-A311-A840843D591F}.Release|x64.ActiveCfg = Release|Any CPU
		{0D35C769-53E4-4650-A311-A840843D591F}.Release|x64.Build.0 = Release|Any CPU
		{0D35C769-53E4-4650-A311-A840843D591F}.Release|x64.Deploy.0 = Release|Any CPU
		{0D35C769-53E4-4650-A311-A840843D591F}.Release|x86.ActiveCfg = Release|Any CPU
		{0D35C769-53E4-4650-A311-A840843D591F}.Release|x86.Build.0 = Release|Any CPU
		{0D35C769-53E4-4650-A311-A840843D591F}.Release|x86.Deploy.0 = Release|Any CPU
		{799EB319-42D9-4335-B4E8-49D48D3F97DF}.Ad-Hoc|Any CPU.ActiveCfg = Ad-Hoc|iPhone
		{799EB319-42D9-4335-B4E8-49D48D3F97DF}.Ad-Hoc|ARM.ActiveCfg = Ad-Hoc|iPhone
		{799EB319-42D9-4335-B4E8-49D48D3F97DF}.Ad-Hoc|iPhone.ActiveCfg = Ad-Hoc|iPhone
		{799EB319-42D9-4335-B4E8-49D48D3F97DF}.Ad-Hoc|iPhone.Build.0 = Ad-Hoc|iPhone
		{799EB319-42D9-4335-B4E8-49D48D3F97DF}.Ad-Hoc|iPhoneSimulator.ActiveCfg = Ad-Hoc|iPhoneSimulator
		{799EB319-42D9-4335-B4E8-49D48D3F97DF}.Ad-Hoc|iPhoneSimulator.Build.0 = Ad-Hoc|iPhoneSimulator
		{799EB319-42D9-4335-B4E8-49D48D3F97DF}.Ad-Hoc|x64.ActiveCfg = Ad-Hoc|iPhone
		{799EB319-42D9-4335-B4E8-49D48D3F97DF}.Ad-Hoc|x86.ActiveCfg = Ad-Hoc|iPhone
		{799EB319-42D9-4335-B4E8-49D48D3F97DF}.AppStore|Any CPU.ActiveCfg = AppStore|iPhone
		{799EB319-42D9-4335-B4E8-49D48D3F97DF}.AppStore|ARM.ActiveCfg = AppStore|iPhone
		{799EB319-42D9-4335-B4E8-49D48D3F97DF}.AppStore|iPhone.ActiveCfg = AppStore|iPhone
		{799EB319-42D9-4335-B4E8-49D48D3F97DF}.AppStore|iPhone.Build.0 = AppStore|iPhone
		{799EB319-42D9-4335-B4E8-49D48D3F97DF}.AppStore|iPhoneSimulator.ActiveCfg = AppStore|iPhoneSimulator
		{799EB319-42D9-4335-B4E8-49D48D3F97DF}.AppStore|iPhoneSimulator.Build.0 = AppStore|iPhoneSimulator
		{799EB319-42D9-4335-B4E8-49D48D3F97DF}.AppStore|x64.ActiveCfg = AppStore|iPhone
		{799EB319-42D9-4335-B4E8-49D48D3F97DF}.AppStore|x86.ActiveCfg = AppStore|iPhone
		{799EB319-42D9-4335-B4E8-49D48D3F97DF}.Debug|Any CPU.ActiveCfg = Debug|iPhone
		{799EB319-42D9-4335-B4E8-49D48D3F97DF}.Debug|ARM.ActiveCfg = Debug|iPhone
		{799EB319-42D9-4335-B4E8-49D48D3F97DF}.Debug|iPhone.ActiveCfg = Debug|iPhone
		{799EB319-42D9-4335-B4E8-49D48D3F97DF}.Debug|iPhone.Build.0 = Debug|iPhone
		{799EB319-42D9-4335-B4E8-49D48D3F97DF}.Debug|iPhoneSimulator.ActiveCfg = Debug|iPhoneSimulator
		{799EB319-42D9-4335-B4E8-49D48D3F97DF}.Debug|iPhoneSimulator.Build.0 = Debug|iPhoneSimulator
		{799EB319-42D9-4335-B4E8-49D48D3F97DF}.Debug|x64.ActiveCfg = Debug|iPhone
		{799EB319-42D9-4335-B4E8-49D48D3F97DF}.Debug|x86.ActiveCfg = Debug|iPhone
		{799EB319-42D9-4335-B4E8-49D48D3F97DF}.Release|Any CPU.ActiveCfg = Release|iPhone
		{799EB319-42D9-4335-B4E8-49D48D3F97DF}.Release|ARM.ActiveCfg = Release|iPhone
		{799EB319-42D9-4335-B4E8-49D48D3F97DF}.Release|iPhone.ActiveCfg = Release|iPhone
		{799EB319-42D9-4335-B4E8-49D48D3F97DF}.Release|iPhone.Build.0 = Release|iPhone
		{799EB319-42D9-4335-B4E8-49D48D3F97DF}.Release|iPhoneSimulator.ActiveCfg = Release|iPhoneSimulator
		{799EB319-42D9-4335-B4E8-49D48D3F97DF}.Release|iPhoneSimulator.Build.0 = Release|iPhoneSimulator
		{799EB319-42D9-4335-B4E8-49D48D3F97DF}.Release|x64.ActiveCfg = Release|iPhone
		{799EB319-42D9-4335-B4E8-49D48D3F97DF}.Release|x86.ActiveCfg = Release|iPhone
	EndGlobalSection
	GlobalSection(SolutionProperties) = preSolution
		HideSolutionNode = FALSE
	EndGlobalSection
EndGlobal
